{
    "_readme": [
        "This file locks the dependencies of your project to a known state",
        "Read more about it at https://getcomposer.org/doc/01-basic-usage.md#installing-dependencies",
        "This file is @generated automatically"
    ],
    "content-hash": "99c06f6f5206f6dc1ab283dd4c0db90e",
    "packages": [
        {
            "name": "carloswph/tonton",
            "version": "dev-main",
            "source": {
                "type": "git",
                "url": "https://github.com/carloswph/tonton.git",
                "reference": "697ae4323393d4c87eb7a77b56067bc923ff527e"
            },
            "dist": {
                "type": "zip",
                "url": "https://api.github.com/repos/carloswph/tonton/zipball/697ae4323393d4c87eb7a77b56067bc923ff527e",
                "reference": "697ae4323393d4c87eb7a77b56067bc923ff527e",
                "shasum": ""
            },
            "default-branch": true,
            "type": "library",
            "autoload": {
                "psr-4": {
                    "TonTon\\": "src/"
                }
            },
            "notification-url": "https://packagist.org/downloads/",
            "license": [
                "MIT"
            ],
            "authors": [
                {
                    "name": "WP Helpers",
                    "email": "carlos@wp-helpers.com",
                    "homepage": "https://wp-helpers.com"
                }
            ],
            "description": "Serie of tools based on traits that simplify the use of singletons, multitons and other class instances controllers.",
            "keywords": [
                "design patterns",
                "multiton",
                "singleton",
                "singleton pattern",
                "singletons"
            ],
            "support": {
                "issues": "https://github.com/carloswph/tonton/issues",
                "source": "https://github.com/carloswph/tonton/tree/main"
            },
            "time": "2021-03-08T00:57:04+00:00"
        }
    ],
    "packages-dev": [],
    "aliases": [],
    "minimum-stability": "dev",
    "stability-flags": {
        "carloswph/tonton": 20
    },
    "prefer-stable": false,
    "prefer-lowest": false,
    "platform": [],
    "platform-dev": [],
    "plugin-api-version": "2.0.0"
}
